
Microsoft Visual Studio Solution File, Format Version 12.00
# Visual Studio Version 17
VisualStudioVersion = 17.4.33213.308
MinimumVisualStudioVersion = 10.0.40219.1
Project("{FAE04EC0-301F-11D3-BF4B-00C04F79EFBC}") = "01. Odd Lines", "01. Odd Lines\01. Odd Lines.csproj", "{BA9A1E7F-1F37-4F63-B5AB-53E5C61715D7}"
EndProject
Project("{FAE04EC0-301F-11D3-BF4B-00C04F79EFBC}") = "02. Line Numbers", "02. Line Numbers\02. Line Numbers.csproj", "{EB516466-3069-45E7-B84D-18E7EF308252}"
EndProject
Project("{FAE04EC0-301F-11D3-BF4B-00C04F79EFBC}") = "03. Word Count", "03. Word Count\03. Word Count.csproj", "{DE85EC80-AC2E-4E35-A872-B57865A5F66C}"
EndProject
Project("{FAE04EC0-301F-11D3-BF4B-00C04F79EFBC}") = "04. Merge Text Files", "04. Merge Text Files\04. Merge Text Files.csproj", "{904C2F0A-5F87-45FE-99F9-9212B1A9C280}"
EndProject
Project("{FAE04EC0-301F-11D3-BF4B-00C04F79EFBC}") = "05. Extract Special Bytes", "05. Extract Special Bytes\05. Extract Special Bytes.csproj", "{905A28DF-BCB6-4C5F-905C-F269A51EAF76}"
EndProject
Global
	GlobalSection(SolutionConfigurationPlatforms) = preSolution
		Debug|Any CPU = Debug|Any CPU
		Release|Any CPU = Release|Any CPU
	EndGlobalSection
	GlobalSection(ProjectConfigurationPlatforms) = postSolution
		{BA9A1E7F-1F37-4F63-B5AB-53E5C61715D7}.Debug|Any CPU.ActiveCfg = Debug|Any CPU
		{BA9A1E7F-1F37-4F63-B5AB-53E5C61715D7}.Debug|Any CPU.Build.0 = Debug|Any CPU
		{BA9A1E7F-1F37-4F63-B5AB-53E5C61715D7}.Release|Any CPU.ActiveCfg = Release|Any CPU
		{BA9A1E7F-1F37-4F63-B5AB-53E5C61715D7}.Release|Any CPU.Build.0 = Release|Any CPU
		{EB516466-3069-45E7-B84D-18E7EF308252}.Debug|Any CPU.ActiveCfg = Debug|Any CPU
		{EB516466-3069-45E7-B84D-18E7EF308252}.Debug|Any CPU.Build.0 = Debug|Any CPU
		{EB516466-3069-45E7-B84D-18E7EF308252}.Release|Any CPU.ActiveCfg = Release|Any CPU
		{EB516466-3069-45E7-B84D-18E7EF308252}.Release|Any CPU.Build.0 = Release|Any CPU
		{DE85EC80-AC2E-4E35-A872-B57865A5F66C}.Debug|Any CPU.ActiveCfg = Debug|Any CPU
		{DE85EC80-AC2E-4E35-A872-B57865A5F66C}.Debug|Any CPU.Build.0 = Debug|Any CPU
		{DE85EC80-AC2E-4E35-A872-B57865A5F66C}.Release|Any CPU.ActiveCfg = Release|Any CPU
		{DE85EC80-AC2E-4E35-A872-B57865A5F66C}.Release|Any CPU.Build.0 = Release|Any CPU
		{904C2F0A-5F87-45FE-99F9-9212B1A9C280}.Debug|Any CPU.ActiveCfg = Debug|Any CPU
		{904C2F0A-5F87-45FE-99F9-9212B1A9C280}.Debug|Any CPU.Build.0 = Debug|Any CPU
		{904C2F0A-5F87-45FE-99F9-9212B1A9C280}.Release|Any CPU.ActiveCfg = Release|Any CPU
		{904C2F0A-5F87-45FE-99F9-9212B1A9C280}.Release|Any CPU.Build.0 = Release|Any CPU
		{905A28DF-BCB6-4C5F-905C-F269A51EAF76}.Debug|Any CPU.ActiveCfg = Debug|Any CPU
		{905A28DF-BCB6-4C5F-905C-F269A51EAF76}.Debug|Any CPU.Build.0 = Debug|Any CPU
		{905A28DF-BCB6-4C5F-905C-F269A51EAF76}.Release|Any CPU.ActiveCfg = Release|Any CPU
		{905A28DF-BCB6-4C5F-905C-F269A51EAF76}.Release|Any CPU.Build.0 = Release|Any CPU
	EndGlobalSection
	GlobalSection(SolutionProperties) = preSolution
		HideSolutionNode = FALSE
	EndGlobalSection
	GlobalSection(ExtensibilityGlobals) = postSolution
		SolutionGuid = {EF1EC4CF-1C6B-4453-A828-B9C80B6C3282}
	EndGlobalSection
EndGlobal
