
Microsoft Visual Studio Solution File, Format Version 12.00
# Visual Studio Version 17
VisualStudioVersion = 17.4.33213.308
MinimumVisualStudioVersion = 10.0.40219.1
Project("{FAE04EC0-301F-11D3-BF4B-00C04F79EFBC}") = "ShoeStore", "ShoeStore\ShoeStore.csproj", "{C30B8A50-B5F2-4487-A2AB-697853D6157E}"
EndProject
Global
	GlobalSection(SolutionConfigurationPlatforms) = preSolution
		Debug|Any CPU = Debug|Any CPU
		Release|Any CPU = Release|Any CPU
	EndGlobalSection
	GlobalSection(ProjectConfigurationPlatforms) = postSolution
		{C30B8A50-B5F2-4487-A2AB-697853D6157E}.Debug|Any CPU.ActiveCfg = Debug|Any CPU
		{C30B8A50-B5F2-4487-A2AB-697853D6157E}.Debug|Any CPU.Build.0 = Debug|Any CPU
		{C30B8A50-B5F2-4487-A2AB-697853D6157E}.Release|Any CPU.ActiveCfg = Release|Any CPU
		{C30B8A50-B5F2-4487-A2AB-697853D6157E}.Release|Any CPU.Build.0 = Release|Any CPU
	EndGlobalSection
	GlobalSection(SolutionProperties) = preSolution
		HideSolutionNode = FALSE
	EndGlobalSection
	GlobalSection(ExtensibilityGlobals) = postSolution
		SolutionGuid = {271EB8EC-4F82-450B-B778-03C80EDAE77F}
	EndGlobalSection
EndGlobal
