
Microsoft Visual Studio Solution File, Format Version 12.00
# Visual Studio Version 17
VisualStudioVersion = 17.4.33213.308
MinimumVisualStudioVersion = 10.0.40219.1
Project("{FAE04EC0-301F-11D3-BF4B-00C04F79EFBC}") = "Algorythms", "Algorythms\Algorythms.csproj", "{8E17DCED-7381-413B-8267-7888718AF1BF}"
EndProject
Global
	GlobalSection(SolutionConfigurationPlatforms) = preSolution
		Debug|Any CPU = Debug|Any CPU
		Release|Any CPU = Release|Any CPU
	EndGlobalSection
	GlobalSection(ProjectConfigurationPlatforms) = postSolution
		{8E17DCED-7381-413B-8267-7888718AF1BF}.Debug|Any CPU.ActiveCfg = Debug|Any CPU
		{8E17DCED-7381-413B-8267-7888718AF1BF}.Debug|Any CPU.Build.0 = Debug|Any CPU
		{8E17DCED-7381-413B-8267-7888718AF1BF}.Release|Any CPU.ActiveCfg = Release|Any CPU
		{8E17DCED-7381-413B-8267-7888718AF1BF}.Release|Any CPU.Build.0 = Release|Any CPU
	EndGlobalSection
	GlobalSection(SolutionProperties) = preSolution
		HideSolutionNode = FALSE
	EndGlobalSection
	GlobalSection(ExtensibilityGlobals) = postSolution
		SolutionGuid = {5BDE22BE-C0FA-4089-8576-884906198A36}
	EndGlobalSection
EndGlobal
