
Microsoft Visual Studio Solution File, Format Version 12.00
# Visual Studio Version 17
VisualStudioVersion = 17.4.33213.308
MinimumVisualStudioVersion = 10.0.40219.1
Project("{FAE04EC0-301F-11D3-BF4B-00C04F79EFBC}") = "01.ApocalypsePreparation", "01.ApocalypsePreparation\01.ApocalypsePreparation.csproj", "{4F7230F6-910C-4500-8173-26B1EA367B9D}"
EndProject
Project("{FAE04EC0-301F-11D3-BF4B-00C04F79EFBC}") = "02.BlindMan'sBuff", "02.BlindMan'sBuff\02.BlindMan'sBuff.csproj", "{166F1684-FABB-4B61-B6F1-19F269740560}"
EndProject
Global
	GlobalSection(SolutionConfigurationPlatforms) = preSolution
		Debug|Any CPU = Debug|Any CPU
		Release|Any CPU = Release|Any CPU
	EndGlobalSection
	GlobalSection(ProjectConfigurationPlatforms) = postSolution
		{4F7230F6-910C-4500-8173-26B1EA367B9D}.Debug|Any CPU.ActiveCfg = Debug|Any CPU
		{4F7230F6-910C-4500-8173-26B1EA367B9D}.Debug|Any CPU.Build.0 = Debug|Any CPU
		{4F7230F6-910C-4500-8173-26B1EA367B9D}.Release|Any CPU.ActiveCfg = Release|Any CPU
		{4F7230F6-910C-4500-8173-26B1EA367B9D}.Release|Any CPU.Build.0 = Release|Any CPU
		{166F1684-FABB-4B61-B6F1-19F269740560}.Debug|Any CPU.ActiveCfg = Debug|Any CPU
		{166F1684-FABB-4B61-B6F1-19F269740560}.Debug|Any CPU.Build.0 = Debug|Any CPU
		{166F1684-FABB-4B61-B6F1-19F269740560}.Release|Any CPU.ActiveCfg = Release|Any CPU
		{166F1684-FABB-4B61-B6F1-19F269740560}.Release|Any CPU.Build.0 = Release|Any CPU
	EndGlobalSection
	GlobalSection(SolutionProperties) = preSolution
		HideSolutionNode = FALSE
	EndGlobalSection
	GlobalSection(ExtensibilityGlobals) = postSolution
		SolutionGuid = {7D82F8DD-4530-4CF0-BADD-476DDFF28E31}
	EndGlobalSection
EndGlobal
