
Microsoft Visual Studio Solution File, Format Version 12.00
# Visual Studio Version 17
VisualStudioVersion = 17.4.33213.308
MinimumVisualStudioVersion = 10.0.40219.1
Project("{FAE04EC0-301F-11D3-BF4B-00C04F79EFBC}") = "01.OffroadChallenge", "Task1\01.OffroadChallenge.csproj", "{ACD15E48-FF40-4FBB-AE04-7E4FA905734C}"
EndProject
Project("{FAE04EC0-301F-11D3-BF4B-00C04F79EFBC}") = "02.FishingCompetition", "Task2\02.FishingCompetition.csproj", "{1D998247-1981-4092-AD7F-743225FA4120}"
EndProject
Global
	GlobalSection(SolutionConfigurationPlatforms) = preSolution
		Debug|Any CPU = Debug|Any CPU
		Release|Any CPU = Release|Any CPU
	EndGlobalSection
	GlobalSection(ProjectConfigurationPlatforms) = postSolution
		{ACD15E48-FF40-4FBB-AE04-7E4FA905734C}.Debug|Any CPU.ActiveCfg = Debug|Any CPU
		{ACD15E48-FF40-4FBB-AE04-7E4FA905734C}.Debug|Any CPU.Build.0 = Debug|Any CPU
		{ACD15E48-FF40-4FBB-AE04-7E4FA905734C}.Release|Any CPU.ActiveCfg = Release|Any CPU
		{ACD15E48-FF40-4FBB-AE04-7E4FA905734C}.Release|Any CPU.Build.0 = Release|Any CPU
		{1D998247-1981-4092-AD7F-743225FA4120}.Debug|Any CPU.ActiveCfg = Debug|Any CPU
		{1D998247-1981-4092-AD7F-743225FA4120}.Debug|Any CPU.Build.0 = Debug|Any CPU
		{1D998247-1981-4092-AD7F-743225FA4120}.Release|Any CPU.ActiveCfg = Release|Any CPU
		{1D998247-1981-4092-AD7F-743225FA4120}.Release|Any CPU.Build.0 = Release|Any CPU
	EndGlobalSection
	GlobalSection(SolutionProperties) = preSolution
		HideSolutionNode = FALSE
	EndGlobalSection
	GlobalSection(ExtensibilityGlobals) = postSolution
		SolutionGuid = {565ECFB8-BFB5-452E-BF7F-A84E1F0E47DA}
	EndGlobalSection
EndGlobal
