
Microsoft Visual Studio Solution File, Format Version 12.00
# Visual Studio Version 17
VisualStudioVersion = 17.4.33213.308
MinimumVisualStudioVersion = 10.0.40219.1
Project("{FAE04EC0-301F-11D3-BF4B-00C04F79EFBC}") = "01.WormsAndHoles", "01.WormsAndHoles\01.WormsAndHoles.csproj", "{56ED4CD9-407A-4BC1-A89F-DCDCCD16E168}"
EndProject
Project("{FAE04EC0-301F-11D3-BF4B-00C04F79EFBC}") = "02.TheGambler", "02.TheGambler\02.TheGambler.csproj", "{A28231E0-1B01-48F5-86A4-F310A85BC84B}"
EndProject
Global
	GlobalSection(SolutionConfigurationPlatforms) = preSolution
		Debug|Any CPU = Debug|Any CPU
		Release|Any CPU = Release|Any CPU
	EndGlobalSection
	GlobalSection(ProjectConfigurationPlatforms) = postSolution
		{56ED4CD9-407A-4BC1-A89F-DCDCCD16E168}.Debug|Any CPU.ActiveCfg = Debug|Any CPU
		{56ED4CD9-407A-4BC1-A89F-DCDCCD16E168}.Debug|Any CPU.Build.0 = Debug|Any CPU
		{56ED4CD9-407A-4BC1-A89F-DCDCCD16E168}.Release|Any CPU.ActiveCfg = Release|Any CPU
		{56ED4CD9-407A-4BC1-A89F-DCDCCD16E168}.Release|Any CPU.Build.0 = Release|Any CPU
		{A28231E0-1B01-48F5-86A4-F310A85BC84B}.Debug|Any CPU.ActiveCfg = Debug|Any CPU
		{A28231E0-1B01-48F5-86A4-F310A85BC84B}.Debug|Any CPU.Build.0 = Debug|Any CPU
		{A28231E0-1B01-48F5-86A4-F310A85BC84B}.Release|Any CPU.ActiveCfg = Release|Any CPU
		{A28231E0-1B01-48F5-86A4-F310A85BC84B}.Release|Any CPU.Build.0 = Release|Any CPU
	EndGlobalSection
	GlobalSection(SolutionProperties) = preSolution
		HideSolutionNode = FALSE
	EndGlobalSection
	GlobalSection(ExtensibilityGlobals) = postSolution
		SolutionGuid = {DFC62A37-365E-42B1-AE95-67BF71740D48}
	EndGlobalSection
EndGlobal
