
Microsoft Visual Studio Solution File, Format Version 12.00
# Visual Studio Version 17
VisualStudioVersion = 17.4.33213.308
MinimumVisualStudioVersion = 10.0.40219.1
Project("{FAE04EC0-301F-11D3-BF4B-00C04F79EFBC}") = "IteratorsAndComparators", "IteratorsAndComparators\IteratorsAndComparators.csproj", "{DAB7F5FF-F8B6-4D9E-B6C0-EDA60FFC226F}"
EndProject
Global
	GlobalSection(SolutionConfigurationPlatforms) = preSolution
		Debug|Any CPU = Debug|Any CPU
		Release|Any CPU = Release|Any CPU
	EndGlobalSection
	GlobalSection(ProjectConfigurationPlatforms) = postSolution
		{DAB7F5FF-F8B6-4D9E-B6C0-EDA60FFC226F}.Debug|Any CPU.ActiveCfg = Debug|Any CPU
		{DAB7F5FF-F8B6-4D9E-B6C0-EDA60FFC226F}.Debug|Any CPU.Build.0 = Debug|Any CPU
		{DAB7F5FF-F8B6-4D9E-B6C0-EDA60FFC226F}.Release|Any CPU.ActiveCfg = Release|Any CPU
		{DAB7F5FF-F8B6-4D9E-B6C0-EDA60FFC226F}.Release|Any CPU.Build.0 = Release|Any CPU
	EndGlobalSection
	GlobalSection(SolutionProperties) = preSolution
		HideSolutionNode = FALSE
	EndGlobalSection
	GlobalSection(ExtensibilityGlobals) = postSolution
		SolutionGuid = {92ABEA40-05BF-4876-8328-B4A1C214187A}
	EndGlobalSection
EndGlobal
