
Microsoft Visual Studio Solution File, Format Version 12.00
# Visual Studio Version 17
VisualStudioVersion = 17.4.33213.308
MinimumVisualStudioVersion = 10.0.40219.1
Project("{FAE04EC0-301F-11D3-BF4B-00C04F79EFBC}") = "1.TilesMaster", "1.TilesMaster\1.TilesMaster.csproj", "{8C88BD83-17D8-47AE-AC8E-F37A06363196}"
EndProject
Project("{FAE04EC0-301F-11D3-BF4B-00C04F79EFBC}") = "02. Wall Destroyer", "02. Wall Destroyer\02. Wall Destroyer.csproj", "{B6BB6DAC-1D79-4502-8D83-5C324389AA4B}"
EndProject
Global
	GlobalSection(SolutionConfigurationPlatforms) = preSolution
		Debug|Any CPU = Debug|Any CPU
		Release|Any CPU = Release|Any CPU
	EndGlobalSection
	GlobalSection(ProjectConfigurationPlatforms) = postSolution
		{8C88BD83-17D8-47AE-AC8E-F37A06363196}.Debug|Any CPU.ActiveCfg = Debug|Any CPU
		{8C88BD83-17D8-47AE-AC8E-F37A06363196}.Debug|Any CPU.Build.0 = Debug|Any CPU
		{8C88BD83-17D8-47AE-AC8E-F37A06363196}.Release|Any CPU.ActiveCfg = Release|Any CPU
		{8C88BD83-17D8-47AE-AC8E-F37A06363196}.Release|Any CPU.Build.0 = Release|Any CPU
		{B6BB6DAC-1D79-4502-8D83-5C324389AA4B}.Debug|Any CPU.ActiveCfg = Debug|Any CPU
		{B6BB6DAC-1D79-4502-8D83-5C324389AA4B}.Debug|Any CPU.Build.0 = Debug|Any CPU
		{B6BB6DAC-1D79-4502-8D83-5C324389AA4B}.Release|Any CPU.ActiveCfg = Release|Any CPU
		{B6BB6DAC-1D79-4502-8D83-5C324389AA4B}.Release|Any CPU.Build.0 = Release|Any CPU
	EndGlobalSection
	GlobalSection(SolutionProperties) = preSolution
		HideSolutionNode = FALSE
	EndGlobalSection
	GlobalSection(ExtensibilityGlobals) = postSolution
		SolutionGuid = {B8B5F650-39CA-46DD-B9F0-889B327B67BA}
	EndGlobalSection
EndGlobal
