
Microsoft Visual Studio Solution File, Format Version 12.00
# Visual Studio Version 17
VisualStudioVersion = 17.4.33213.308
MinimumVisualStudioVersion = 10.0.40219.1
Project("{FAE04EC0-301F-11D3-BF4B-00C04F79EFBC}") = "01.TempleOfDoom", "01.TempleOfDoom\01.TempleOfDoom.csproj", "{650537A2-BF98-425C-A4CF-68FBCF21EF20}"
EndProject
Project("{FAE04EC0-301F-11D3-BF4B-00C04F79EFBC}") = "02.MouseInTheKitchen", "02.MouseInTheKitchen\02.MouseInTheKitchen.csproj", "{E5FB48D8-03CF-4BCD-908B-988EDC52CAEC}"
EndProject
Project("{FAE04EC0-301F-11D3-BF4B-00C04F79EFBC}") = "TempleOfDoom2", "TempleOfDoom2\TempleOfDoom2.csproj", "{466A4EB3-51CF-4C1C-98C0-42D64B15681E}"
EndProject
Global
	GlobalSection(SolutionConfigurationPlatforms) = preSolution
		Debug|Any CPU = Debug|Any CPU
		Release|Any CPU = Release|Any CPU
	EndGlobalSection
	GlobalSection(ProjectConfigurationPlatforms) = postSolution
		{650537A2-BF98-425C-A4CF-68FBCF21EF20}.Debug|Any CPU.ActiveCfg = Debug|Any CPU
		{650537A2-BF98-425C-A4CF-68FBCF21EF20}.Debug|Any CPU.Build.0 = Debug|Any CPU
		{650537A2-BF98-425C-A4CF-68FBCF21EF20}.Release|Any CPU.ActiveCfg = Release|Any CPU
		{650537A2-BF98-425C-A4CF-68FBCF21EF20}.Release|Any CPU.Build.0 = Release|Any CPU
		{E5FB48D8-03CF-4BCD-908B-988EDC52CAEC}.Debug|Any CPU.ActiveCfg = Debug|Any CPU
		{E5FB48D8-03CF-4BCD-908B-988EDC52CAEC}.Debug|Any CPU.Build.0 = Debug|Any CPU
		{E5FB48D8-03CF-4BCD-908B-988EDC52CAEC}.Release|Any CPU.ActiveCfg = Release|Any CPU
		{E5FB48D8-03CF-4BCD-908B-988EDC52CAEC}.Release|Any CPU.Build.0 = Release|Any CPU
		{466A4EB3-51CF-4C1C-98C0-42D64B15681E}.Debug|Any CPU.ActiveCfg = Debug|Any CPU
		{466A4EB3-51CF-4C1C-98C0-42D64B15681E}.Debug|Any CPU.Build.0 = Debug|Any CPU
		{466A4EB3-51CF-4C1C-98C0-42D64B15681E}.Release|Any CPU.ActiveCfg = Release|Any CPU
		{466A4EB3-51CF-4C1C-98C0-42D64B15681E}.Release|Any CPU.Build.0 = Release|Any CPU
	EndGlobalSection
	GlobalSection(SolutionProperties) = preSolution
		HideSolutionNode = FALSE
	EndGlobalSection
	GlobalSection(ExtensibilityGlobals) = postSolution
		SolutionGuid = {DF8DB18D-1F36-479E-8177-CFD8F3DD4F1F}
	EndGlobalSection
EndGlobal
